# This file was autogenerated by Stack.
# You should not edit this file by hand.
# For more information, please see the documentation at:
#   https://docs.haskellstack.org/en/stable/lock_files

packages:
- completed:
    hackage: lucid2-0.0.20220526@sha256:4c534c8da03e175a4e8fa51ebe26957932f84580b5bc6a78edb3c6f10d819bac,1954
    pantry-tree:
      sha256: a045261f6ea78f883224ed8dde0c83288f175f03e245654ab6223f9436015308
      size: 477
  original:
    hackage: lucid2-0.0.20220526
- completed:
    hackage: wai-transformers-0.1.0@sha256:82b47d17865904e436b71d497b6b71644ec5ed4169174ff488d1aeeeade31334,1253
    pantry-tree:
      sha256: 95718554d90b90bf5744d0d80affa8f4be66cc3ea813422efcd9c742e991227e
      size: 346
  original:
    hackage: wai-transformers-0.1.0
snapshots:
- completed:
    sha256: 5201b267da5c16bde723e0401eed332c96035edd55250a947089a7d9417b7ecc
    size: 646690
    url: https://raw.githubusercontent.com/commercialhaskell/stackage-snapshots/master/nightly/2022/11/3.yaml
  original: nightly-2022-11-03
